
Microsoft Visual Studio Solution File, Format Version 12.00
# Visual Studio 15
VisualStudioVersion = 15.0.28010.2036
MinimumVisualStudioVersion = 10.0.40219.1
Project("{FAE04EC0-301F-11D3-BF4B-00C04F79EFBC}") = "ThatShot", "ThatShot\ThatShot.csproj", "{8A231055-06A1-4762-B745-683235B81AFB}"
EndProject
Global
	GlobalSection(SolutionConfigurationPlatforms) = preSolution
		Debug|Any CPU = Debug|Any CPU
		Release|Any CPU = Release|Any CPU
	EndGlobalSection
	GlobalSection(ProjectConfigurationPlatforms) = postSolution
		{8A231055-06A1-4762-B745-683235B81AFB}.Debug|Any CPU.ActiveCfg = Debug|Any CPU
		{8A231055-06A1-4762-B745-683235B81AFB}.Debug|Any CPU.Build.0 = Debug|Any CPU
		{8A231055-06A1-4762-B745-683235B81AFB}.Release|Any CPU.ActiveCfg = Release|Any CPU
		{8A231055-06A1-4762-B745-683235B81AFB}.Release|Any CPU.Build.0 = Release|Any CPU
	EndGlobalSection
	GlobalSection(SolutionProperties) = preSolution
		HideSolutionNode = FALSE
	EndGlobalSection
	GlobalSection(ExtensibilityGlobals) = postSolution
		SolutionGuid = {03C9EC6D-FCA0-4D9E-8F69-402FD4CE96D8}
	EndGlobalSection
EndGlobal
